PODS:
  - IQKeyboardManagerSwift (4.0.8)
  - KDCircularProgress (1.5.2)
  - RandomColorSwift (1.0.0)
  - SnapKit (3.1.2)

DEPENDENCIES:
  - IQKeyboardManagerSwift
  - KDCircularProgress
  - RandomColorSwift
  - SnapKit (= 3.1.2)

SPEC CHECKSUMS:
  IQKeyboardManagerSwift: c04bc9f68473823f825eb44d958fce98d921bead
  KDCircularProgress: 12f677b2deb02409ab48c6cae1898d146b8ad549
  RandomColorSwift: 9f85058b721665d52d239ca166a913e083506444
  SnapKit: 12b24f569cb7c143acc9c22b9d91b23e7b1c84a2

PODFILE CHECKSUM: 496766cedf57c51190e62e0cbb334fb3884688c7

COCOAPODS: 1.1.1
