PODS:
  - IQKeyboardManagerSwift (4.0.8)
  - KDCircularProgress (1.5.2)
  - SnapKit (3.1.2)

DEPENDENCIES:
  - IQKeyboardManagerSwift
  - KDCircularProgress
  - SnapKit (= 3.1.2)

SPEC CHECKSUMS:
  IQKeyboardManagerSwift: c04bc9f68473823f825eb44d958fce98d921bead
  KDCircularProgress: 12f677b2deb02409ab48c6cae1898d146b8ad549
  SnapKit: 12b24f569cb7c143acc9c22b9d91b23e7b1c84a2

PODFILE CHECKSUM: f8e32f2a5da4d257bcb5724dae3e3ec41373f422

COCOAPODS: 1.1.1
