// !$*UTF8*$!
{
	archiveVersion = 1;
	classes = {
	};
	objectVersion = 46;
	objects = {

/* Begin PBXBuildFile section */
		6271A173396923332A1139DE /* Pods_Typing.framework in Frameworks */ = {isa = PBXBuildFile; fileRef = F4ED6BF67190108D194B4A3A /* Pods_Typing.framework */; };
		DE6DEDC92062A983004BC338 /* ChineseLetterUtils.swift in Sources */ = {isa = PBXBuildFile; fileRef = DE6DEDC82062A983004BC338 /* ChineseLetterUtils.swift */; };
		DE6DEDCD2062ABAC004BC338 /* hardLetters.txt in Resources */ = {isa = PBXBuildFile; fileRef = DE6DEDCB2062ABAC004BC338 /* hardLetters.txt */; };
		DE6DEDCE2062ABAC004BC338 /* easyLetters.txt in Resources */ = {isa = PBXBuildFile; fileRef = DE6DEDCC2062ABAC004BC338 /* easyLetters.txt */; };
		DEB11D67204E6E95007FF2EA /* AppDelegate.swift in Sources */ = {isa = PBXBuildFile; fileRef = DEB11D66204E6E95007FF2EA /* AppDelegate.swift */; };
		DEB11D69204E6E95007FF2EA /* ViewController.swift in Sources */ = {isa = PBXBuildFile; fileRef = DEB11D68204E6E95007FF2EA /* ViewController.swift */; };
		DEB11D6C204E6E95007FF2EA /* Main.storyboard in Resources */ = {isa = PBXBuildFile; fileRef = DEB11D6A204E6E95007FF2EA /* Main.storyboard */; };
		DEB11D6E204E6E96007FF2EA /* Assets.xcassets in Resources */ = {isa = PBXBuildFile; fileRef = DEB11D6D204E6E96007FF2EA /* Assets.xcassets */; };
		DEB11D71204E6E96007FF2EA /* LaunchScreen.storyboard in Resources */ = {isa = PBXBuildFile; fileRef = DEB11D6F204E6E96007FF2EA /* LaunchScreen.storyboard */; };
		DEB11D79204E6F6D007FF2EA /* SnapKit.framework in Frameworks */ = {isa = PBXBuildFile; fileRef = DEB11D78204E6F6D007FF2EA /* SnapKit.framework */; };
		DEB11D7B204E73F2007FF2EA /* Extension.swift in Sources */ = {isa = PBXBuildFile; fileRef = DEB11D7A204E73F2007FF2EA /* Extension.swift */; };
		DEB11D7F205B90E5007FF2EA /* GameViewController.swift in Sources */ = {isa = PBXBuildFile; fileRef = DEB11D7E205B90E5007FF2EA /* GameViewController.swift */; };
/* End PBXBuildFile section */

/* Begin PBXFileReference section */
		6FE1455DEABE4BD997EE25DB /* Pods-Typing.release.xcconfig */ = {isa = PBXFileReference; includeInIndex = 1; lastKnownFileType = text.xcconfig; name = "Pods-Typing.release.xcconfig"; path = "Pods/Target Support Files/Pods-Typing/Pods-Typing.release.xcconfig"; sourceTree = "<group>"; };
		D4F67CBA550360F5A2F4A6E3 /* Pods-Typing.debug.xcconfig */ = {isa = PBXFileReference; includeInIndex = 1; lastKnownFileType = text.xcconfig; name = "Pods-Typing.debug.xcconfig"; path = "Pods/Target Support Files/Pods-Typing/Pods-Typing.debug.xcconfig"; sourceTree = "<group>"; };
		DE6DEDC82062A983004BC338 /* ChineseLetterUtils.swift */ = {isa = PBXFileReference; fileEncoding = 4; lastKnownFileType = sourcecode.swift; path = ChineseLetterUtils.swift; sourceTree = "<group>"; };
		DE6DEDCB2062ABAC004BC338 /* hardLetters.txt */ = {isa = PBXFileReference; fileEncoding = 4; lastKnownFileType = text; name = hardLetters.txt; path = ../../../Downloads/hardLetters.txt; sourceTree = "<group>"; };
		DE6DEDCC2062ABAC004BC338 /* easyLetters.txt */ = {isa = PBXFileReference; fileEncoding = 4; lastKnownFileType = text; name = easyLetters.txt; path = ../../../Downloads/easyLetters.txt; sourceTree = "<group>"; };
		DEB11D63204E6E95007FF2EA /* Typing.app */ = {isa = PBXFileReference; explicitFileType = wrapper.application; includeInIndex = 0; path = Typing.app; sourceTree = BUILT_PRODUCTS_DIR; };
		DEB11D66204E6E95007FF2EA /* AppDelegate.swift */ = {isa = PBXFileReference; lastKnownFileType = sourcecode.swift; path = AppDelegate.swift; sourceTree = "<group>"; };
		DEB11D68204E6E95007FF2EA /* ViewController.swift */ = {isa = PBXFileReference; lastKnownFileType = sourcecode.swift; path = ViewController.swift; sourceTree = "<group>"; };
		DEB11D6B204E6E95007FF2EA /* Base */ = {isa = PBXFileReference; lastKnownFileType = file.storyboard; name = Base; path = Base.lproj/Main.storyboard; sourceTree = "<group>"; };
		DEB11D6D204E6E96007FF2EA /* Assets.xcassets */ = {isa = PBXFileReference; lastKnownFileType = folder.assetcatalog; path = Assets.xcassets; sourceTree = "<group>"; };
		DEB11D70204E6E96007FF2EA /* Base */ = {isa = PBXFileReference; lastKnownFileType = file.storyboard; name = Base; path = Base.lproj/LaunchScreen.storyboard; sourceTree = "<group>"; };
		DEB11D72204E6E96007FF2EA /* Info.plist */ = {isa = PBXFileReference; lastKnownFileType = text.plist.xml; path = Info.plist; sourceTree = "<group>"; };
		DEB11D78204E6F6D007FF2EA /* SnapKit.framework */ = {isa = PBXFileReference; lastKnownFileType = wrapper.framework; name = SnapKit.framework; path = "../../Library/Developer/Xcode/DerivedData/Typing-bgedxikoaejehwakvroqjxvmrorp/Build/Products/Debug-iphonesimulator/SnapKit/SnapKit.framework"; sourceTree = "<group>"; };
		DEB11D7A204E73F2007FF2EA /* Extension.swift */ = {isa = PBXFileReference; fileEncoding = 4; lastKnownFileType = sourcecode.swift; path = Extension.swift; sourceTree = "<group>"; };
		DEB11D7E205B90E5007FF2EA /* GameViewController.swift */ = {isa = PBXFileReference; fileEncoding = 4; lastKnownFileType = sourcecode.swift; path = GameViewController.swift; sourceTree = "<group>"; };
		DEB11D80205F82E5007FF2EA /* Typing-Bridging-Header.h */ = {isa = PBXFileReference; lastKnownFileType = sourcecode.c.h; path = "Typing-Bridging-Header.h"; sourceTree = SOURCE_ROOT; };
		F4ED6BF67190108D194B4A3A /* Pods_Typing.framework */ = {isa = PBXFileReference; explicitFileType = wrapper.framework; includeInIndex = 0; path = Pods_Typing.framework; sourceTree = BUILT_PRODUCTS_DIR; };
/* End PBXFileReference section */

/* Begin PBXFrameworksBuildPhase section */
		DEB11D60204E6E95007FF2EA /* Frameworks */ = {
			isa = PBXFrameworksBuildPhase;
			buildActionMask = 2147483647;
			files = (
				DEB11D79204E6F6D007FF2EA /* SnapKit.framework in Frameworks */,
				6271A173396923332A1139DE /* Pods_Typing.framework in Frameworks */,
			);
			runOnlyForDeploymentPostprocessing = 0;
		};
/* End PBXFrameworksBuildPhase section */

/* Begin PBXGroup section */
		31F49E7A8949E96FF2BA723A /* Pods */ = {
			isa = PBXGroup;
			children = (
				D4F67CBA550360F5A2F4A6E3 /* Pods-Typing.debug.xcconfig */,
				6FE1455DEABE4BD997EE25DB /* Pods-Typing.release.xcconfig */,
			);
			name = Pods;
			sourceTree = "<group>";
		};
		A034E66DD4DD8BC42AD3E41A /* Frameworks */ = {
			isa = PBXGroup;
			children = (
				DEB11D78204E6F6D007FF2EA /* SnapKit.framework */,
				F4ED6BF67190108D194B4A3A /* Pods_Typing.framework */,
			);
			name = Frameworks;
			sourceTree = "<group>";
		};
		DE6DEDCA2062AAB5004BC338 /* supporting files */ = {
			isa = PBXGroup;
			children = (
				DE6DEDCB2062ABAC004BC338 /* hardLetters.txt */,
				DE6DEDCC2062ABAC004BC338 /* easyLetters.txt */,
			);
			name = "supporting files";
			sourceTree = "<group>";
		};
		DEB11D5A204E6E95007FF2EA = {
			isa = PBXGroup;
			children = (
				DEB11D65204E6E95007FF2EA /* Typing */,
				DEB11D64204E6E95007FF2EA /* Products */,
				31F49E7A8949E96FF2BA723A /* Pods */,
				A034E66DD4DD8BC42AD3E41A /* Frameworks */,
			);
			sourceTree = "<group>";
		};
		DEB11D64204E6E95007FF2EA /* Products */ = {
			isa = PBXGroup;
			children = (
				DEB11D63204E6E95007FF2EA /* Typing.app */,
			);
			name = Products;
			sourceTree = "<group>";
		};
		DEB11D65204E6E95007FF2EA /* Typing */ = {
			isa = PBXGroup;
			children = (
				DEB11D80205F82E5007FF2EA /* Typing-Bridging-Header.h */,
				DE6DEDCA2062AAB5004BC338 /* supporting files */,
				DEB11D66204E6E95007FF2EA /* AppDelegate.swift */,
				DEB11D68204E6E95007FF2EA /* ViewController.swift */,
				DEB11D7E205B90E5007FF2EA /* GameViewController.swift */,
				DE6DEDC82062A983004BC338 /* ChineseLetterUtils.swift */,
				DEB11D6A204E6E95007FF2EA /* Main.storyboard */,
				DEB11D6D204E6E96007FF2EA /* Assets.xcassets */,
				DEB11D6F204E6E96007FF2EA /* LaunchScreen.storyboard */,
				DEB11D72204E6E96007FF2EA /* Info.plist */,
				DEB11D7A204E73F2007FF2EA /* Extension.swift */,
			);
			path = Typing;
			sourceTree = "<group>";
		};
/* End PBXGroup section */

/* Begin PBXNativeTarget section */
		DEB11D62204E6E95007FF2EA /* Typing */ = {
			isa = PBXNativeTarget;
			buildConfigurationList = DEB11D75204E6E96007FF2EA /* Build configuration list for PBXNativeTarget "Typing" */;
			buildPhases = (
				0B88C00C5DA8CBBBE2DA7F2E /* [CP] Check Pods Manifest.lock */,
				DEB11D5F204E6E95007FF2EA /* Sources */,
				DEB11D60204E6E95007FF2EA /* Frameworks */,
				DEB11D61204E6E95007FF2EA /* Resources */,
				BC2817627535211C6C095755 /* [CP] Embed Pods Frameworks */,
				4A3DAAA20317841E02D10136 /* [CP] Copy Pods Resources */,
			);
			buildRules = (
			);
			dependencies = (
			);
			name = Typing;
			productName = Typing;
			productReference = DEB11D63204E6E95007FF2EA /* Typing.app */;
			productType = "com.apple.product-type.application";
		};
/* End PBXNativeTarget section */

/* Begin PBXProject section */
		DEB11D5B204E6E95007FF2EA /* Project object */ = {
			isa = PBXProject;
			attributes = {
				LastSwiftUpdateCheck = 0810;
				LastUpgradeCheck = 0810;
				ORGANIZATIONNAME = YunwenWang;
				TargetAttributes = {
					DEB11D62204E6E95007FF2EA = {
						CreatedOnToolsVersion = 8.1;
						DevelopmentTeam = 7JXNRRJB37;
						ProvisioningStyle = Automatic;
					};
				};
			};
			buildConfigurationList = DEB11D5E204E6E95007FF2EA /* Build configuration list for PBXProject "Typing" */;
			compatibilityVersion = "Xcode 3.2";
			developmentRegion = English;
			hasScannedForEncodings = 0;
			knownRegions = (
				en,
				Base,
			);
			mainGroup = DEB11D5A204E6E95007FF2EA;
			productRefGroup = DEB11D64204E6E95007FF2EA /* Products */;
			projectDirPath = "";
			projectRoot = "";
			targets = (
				DEB11D62204E6E95007FF2EA /* Typing */,
			);
		};
/* End PBXProject section */

/* Begin PBXResourcesBuildPhase section */
		DEB11D61204E6E95007FF2EA /* Resources */ = {
			isa = PBXResourcesBuildPhase;
			buildActionMask = 2147483647;
			files = (
				DEB11D71204E6E96007FF2EA /* LaunchScreen.storyboard in Resources */,
				DEB11D6E204E6E96007FF2EA /* Assets.xcassets in Resources */,
				DE6DEDCE2062ABAC004BC338 /* easyLetters.txt in Resources */,
				DEB11D6C204E6E95007FF2EA /* Main.storyboard in Resources */,
				DE6DEDCD2062ABAC004BC338 /* hardLetters.txt in Resources */,
			);
			runOnlyForDeploymentPostprocessing = 0;
		};
/* End PBXResourcesBuildPhase section */

/* Begin PBXShellScriptBuildPhase section */
		0B88C00C5DA8CBBBE2DA7F2E /* [CP] Check Pods Manifest.lock */ = {
			isa = PBXShellScriptBuildPhase;
			buildActionMask = 2147483647;
			files = (
			);
			inputPaths = (
			);
			name = "[CP] Check Pods Manifest.lock";
			outputPaths = (
			);
			runOnlyForDeploymentPostprocessing = 0;
			shellPath = /bin/sh;
			shellScript = "diff \"${PODS_ROOT}/../Podfile.lock\" \"${PODS_ROOT}/Manifest.lock\" > /dev/null\nif [ $? != 0 ] ; then\n    # print error to STDERR\n    echo \"error: The sandbox is not in sync with the Podfile.lock. Run 'pod install' or update your CocoaPods installation.\" >&2\n    exit 1\nfi\n";
			showEnvVarsInLog = 0;
		};
		4A3DAAA20317841E02D10136 /* [CP] Copy Pods Resources */ = {
			isa = PBXShellScriptBuildPhase;
			buildActionMask = 2147483647;
			files = (
			);
			inputPaths = (
			);
			name = "[CP] Copy Pods Resources";
			outputPaths = (
			);
			runOnlyForDeploymentPostprocessing = 0;
			shellPath = /bin/sh;
			shellScript = "\"${SRCROOT}/Pods/Target Support Files/Pods-Typing/Pods-Typing-resources.sh\"\n";
			showEnvVarsInLog = 0;
		};
		BC2817627535211C6C095755 /* [CP] Embed Pods Frameworks */ = {
			isa = PBXShellScriptBuildPhase;
			buildActionMask = 2147483647;
			files = (
			);
			inputPaths = (
			);
			name = "[CP] Embed Pods Frameworks";
			outputPaths = (
			);
			runOnlyForDeploymentPostprocessing = 0;
			shellPath = /bin/sh;
			shellScript = "\"${SRCROOT}/Pods/Target Support Files/Pods-Typing/Pods-Typing-frameworks.sh\"\n";
			showEnvVarsInLog = 0;
		};
/* End PBXShellScriptBuildPhase section */

/* Begin PBXSourcesBuildPhase section */
		DEB11D5F204E6E95007FF2EA /* Sources */ = {
			isa = PBXSourcesBuildPhase;
			buildActionMask = 2147483647;
			files = (
				DEB11D7F205B90E5007FF2EA /* GameViewController.swift in Sources */,
				DEB11D7B204E73F2007FF2EA /* Extension.swift in Sources */,
				DEB11D69204E6E95007FF2EA /* ViewController.swift in Sources */,
				DE6DEDC92062A983004BC338 /* ChineseLetterUtils.swift in Sources */,
				DEB11D67204E6E95007FF2EA /* AppDelegate.swift in Sources */,
			);
			runOnlyForDeploymentPostprocessing = 0;
		};
/* End PBXSourcesBuildPhase section */

/* Begin PBXVariantGroup section */
		DEB11D6A204E6E95007FF2EA /* Main.storyboard */ = {
			isa = PBXVariantGroup;
			children = (
				DEB11D6B204E6E95007FF2EA /* Base */,
			);
			name = Main.storyboard;
			sourceTree = "<group>";
		};
		DEB11D6F204E6E96007FF2EA /* LaunchScreen.storyboard */ = {
			isa = PBXVariantGroup;
			children = (
				DEB11D70204E6E96007FF2EA /* Base */,
			);
			name = LaunchScreen.storyboard;
			sourceTree = "<group>";
		};
/* End PBXVariantGroup section */

/* Begin XCBuildConfiguration section */
		DEB11D73204E6E96007FF2EA /* Debug */ = {
			isa = XCBuildConfiguration;
			buildSettings = {
				ALWAYS_SEARCH_USER_PATHS = NO;
				CLANG_ANALYZER_NONNULL = YES;
				CLANG_CXX_LANGUAGE_STANDARD = "gnu++0x";
				CLANG_CXX_LIBRARY = "libc++";
				CLANG_ENABLE_MODULES = YES;
				CLANG_ENABLE_OBJC_ARC = YES;
				CLANG_WARN_BOOL_CONVERSION = YES;
				CLANG_WARN_CONSTANT_CONVERSION = YES;
				CLANG_WARN_DIRECT_OBJC_ISA_USAGE = YES_ERROR;
				CLANG_WARN_DOCUMENTATION_COMMENTS = YES;
				CLANG_WARN_EMPTY_BODY = YES;
				CLANG_WARN_ENUM_CONVERSION = YES;
				CLANG_WARN_INFINITE_RECURSION = YES;
				CLANG_WARN_INT_CONVERSION = YES;
				CLANG_WARN_OBJC_ROOT_CLASS = YES_ERROR;
				CLANG_WARN_SUSPICIOUS_MOVES = YES;
				CLANG_WARN_UNREACHABLE_CODE = YES;
				CLANG_WARN__DUPLICATE_METHOD_MATCH = YES;
				"CODE_SIGN_IDENTITY[sdk=iphoneos*]" = "iPhone Developer";
				COPY_PHASE_STRIP = NO;
				DEBUG_INFORMATION_FORMAT = dwarf;
				ENABLE_STRICT_OBJC_MSGSEND = YES;
				ENABLE_TESTABILITY = YES;
				GCC_C_LANGUAGE_STANDARD = gnu99;
				GCC_DYNAMIC_NO_PIC = NO;
				GCC_NO_COMMON_BLOCKS = YES;
				GCC_OPTIMIZATION_LEVEL = 0;
				GCC_PREPROCESSOR_DEFINITIONS = (
					"DEBUG=1",
					"$(inherited)",
				);
				GCC_WARN_64_TO_32_BIT_CONVERSION = YES;
				GCC_WARN_ABOUT_RETURN_TYPE = YES_ERROR;
				GCC_WARN_UNDECLARED_SELECTOR = YES;
				GCC_WARN_UNINITIALIZED_AUTOS = YES_AGGRESSIVE;
				GCC_WARN_UNUSED_FUNCTION = YES;
				GCC_WARN_UNUSED_VARIABLE = YES;
				IPHONEOS_DEPLOYMENT_TARGET = 10.1;
				MTL_ENABLE_DEBUG_INFO = YES;
				ONLY_ACTIVE_ARCH = YES;
				SDKROOT = iphoneos;
				SWIFT_ACTIVE_COMPILATION_CONDITIONS = DEBUG;
				SWIFT_OPTIMIZATION_LEVEL = "-Onone";
				TARGETED_DEVICE_FAMILY = "1,2";
			};
			name = Debug;
		};
		DEB11D74204E6E96007FF2EA /* Release */ = {
			isa = XCBuildConfiguration;
			buildSettings = {
				ALWAYS_SEARCH_USER_PATHS = NO;
				CLANG_ANALYZER_NONNULL = YES;
				CLANG_CXX_LANGUAGE_STANDARD = "gnu++0x";
				CLANG_CXX_LIBRARY = "libc++";
				CLANG_ENABLE_MODULES = YES;
				CLANG_ENABLE_OBJC_ARC = YES;
				CLANG_WARN_BOOL_CONVERSION = YES;
				CLANG_WARN_CONSTANT_CONVERSION = YES;
				CLANG_WARN_DIRECT_OBJC_ISA_USAGE = YES_ERROR;
				CLANG_WARN_DOCUMENTATION_COMMENTS = YES;
				CLANG_WARN_EMPTY_BODY = YES;
				CLANG_WARN_ENUM_CONVERSION = YES;
				CLANG_WARN_INFINITE_RECURSION = YES;
				CLANG_WARN_INT_CONVERSION = YES;
				CLANG_WARN_OBJC_ROOT_CLASS = YES_ERROR;
				CLANG_WARN_SUSPICIOUS_MOVES = YES;
				CLANG_WARN_UNREACHABLE_CODE = YES;
				CLANG_WARN__DUPLICATE_METHOD_MATCH = YES;
				"CODE_SIGN_IDENTITY[sdk=iphoneos*]" = "iPhone Developer";
				COPY_PHASE_STRIP = NO;
				DEBUG_INFORMATION_FORMAT = "dwarf-with-dsym";
				ENABLE_NS_ASSERTIONS = NO;
				ENABLE_STRICT_OBJC_MSGSEND = YES;
				GCC_C_LANGUAGE_STANDARD = gnu99;
				GCC_NO_COMMON_BLOCKS = YES;
				GCC_WARN_64_TO_32_BIT_CONVERSION = YES;
				GCC_WARN_ABOUT_RETURN_TYPE = YES_ERROR;
				GCC_WARN_UNDECLARED_SELECTOR = YES;
				GCC_WARN_UNINITIALIZED_AUTOS = YES_AGGRESSIVE;
				GCC_WARN_UNUSED_FUNCTION = YES;
				GCC_WARN_UNUSED_VARIABLE = YES;
				IPHONEOS_DEPLOYMENT_TARGET = 10.1;
				MTL_ENABLE_DEBUG_INFO = NO;
				SDKROOT = iphoneos;
				SWIFT_OPTIMIZATION_LEVEL = "-Owholemodule";
				TARGETED_DEVICE_FAMILY = "1,2";
				VALIDATE_PRODUCT = YES;
			};
			name = Release;
		};
		DEB11D76204E6E96007FF2EA /* Debug */ = {
			isa = XCBuildConfiguration;
			baseConfigurationReference = D4F67CBA550360F5A2F4A6E3 /* Pods-Typing.debug.xcconfig */;
			buildSettings = {
				ASSETCATALOG_COMPILER_APPICON_NAME = AppIcon;
				DEVELOPMENT_TEAM = 7JXNRRJB37;
				INFOPLIST_FILE = Typing/Info.plist;
				LD_RUNPATH_SEARCH_PATHS = "$(inherited) @executable_path/Frameworks";
				PRODUCT_BUNDLE_IDENTIFIER = YunwenWang.Typing;
				PRODUCT_NAME = "$(TARGET_NAME)";
				SWIFT_OBJC_BRIDGING_HEADER = "Typing-Bridging-Header.h";
				"SWIFT_OBJC_BRIDGING_HEADER[arch=*]" = "Typing-Bridging-Header.h";
				SWIFT_VERSION = 3.0;
			};
			name = Debug;
		};
		DEB11D77204E6E96007FF2EA /* Release */ = {
			isa = XCBuildConfiguration;
			baseConfigurationReference = 6FE1455DEABE4BD997EE25DB /* Pods-Typing.release.xcconfig */;
			buildSettings = {
				ASSETCATALOG_COMPILER_APPICON_NAME = AppIcon;
				DEVELOPMENT_TEAM = 7JXNRRJB37;
				INFOPLIST_FILE = Typing/Info.plist;
				LD_RUNPATH_SEARCH_PATHS = "$(inherited) @executable_path/Frameworks";
				PRODUCT_BUNDLE_IDENTIFIER = YunwenWang.Typing;
				PRODUCT_NAME = "$(TARGET_NAME)";
				SWIFT_OBJC_BRIDGING_HEADER = "Typing-Bridging-Header.h";
				SWIFT_VERSION = 3.0;
			};
			name = Release;
		};
/* End XCBuildConfiguration section */

/* Begin XCConfigurationList section */
		DEB11D5E204E6E95007FF2EA /* Build configuration list for PBXProject "Typing" */ = {
			isa = XCConfigurationList;
			buildConfigurations = (
				DEB11D73204E6E96007FF2EA /* Debug */,
				DEB11D74204E6E96007FF2EA /* Release */,
			);
			defaultConfigurationIsVisible = 0;
			defaultConfigurationName = Release;
		};
		DEB11D75204E6E96007FF2EA /* Build configuration list for PBXNativeTarget "Typing" */ = {
			isa = XCConfigurationList;
			buildConfigurations = (
				DEB11D76204E6E96007FF2EA /* Debug */,
				DEB11D77204E6E96007FF2EA /* Release */,
			);
			defaultConfigurationIsVisible = 0;
			defaultConfigurationName = Release;
		};
/* End XCConfigurationList section */
	};
	rootObject = DEB11D5B204E6E95007FF2EA /* Project object */;
}
